{
  "name": "arduino-http",
  "version": "1.0.0",
  "lockfileVersion": 1,
  "requires": true,
  "dependencies": {
    "jquery": {
      "version": "3.4.1",
      "resolved": "https://registry.npmjs.org/jquery/-/jquery-3.4.1.tgz",
      "integrity": "sha512-36+AdBzCL+y6qjw5Tx7HgzeGCzC81MDDgaUP8ld2zhx58HdqXGoBd+tHdrBMiyjGQs0Hxs/MLZTu/eHNJJuWPw=="
    },
    "plotly.js-dist": {
      "version": "1.50.1",
      "resolved": "https://registry.npmjs.org/plotly.js-dist/-/plotly.js-dist-1.50.1.tgz",
      "integrity": "sha512-awCT4yves5png8uoZk5LklJDzulBVHimTqyGF9BhgphfnznYVDWbbklxvUIzwWaE1f2S2XNUgNRN5UthDKmgEg=="
    }
  }
}
